
Microsoft Visual Studio Solution File, Format Version 12.00
# Visual Studio 15
VisualStudioVersion = 15.0.28010.2046
MinimumVisualStudioVersion = 10.0.40219.1
Project("{FAE04EC0-301F-11D3-BF4B-00C04F79EFBC}") = "Extensions.DependencyInjection.Services", "Extensions.DependencyInjection.Services\Extensions.DependencyInjection.Services.csproj", "{0E349642-B3C3-431B-B1A8-B76977D159B7}"
EndProject
Global
	GlobalSection(SolutionConfigurationPlatforms) = preSolution
		Debug|Any CPU = Debug|Any CPU
		Release|Any CPU = Release|Any CPU
	EndGlobalSection
	GlobalSection(ProjectConfigurationPlatforms) = postSolution
		{0E349642-B3C3-431B-B1A8-B76977D159B7}.Debug|Any CPU.ActiveCfg = Debug|Any CPU
		{0E349642-B3C3-431B-B1A8-B76977D159B7}.Debug|Any CPU.Build.0 = Debug|Any CPU
		{0E349642-B3C3-431B-B1A8-B76977D159B7}.Release|Any CPU.ActiveCfg = Release|Any CPU
		{0E349642-B3C3-431B-B1A8-B76977D159B7}.Release|Any CPU.Build.0 = Release|Any CPU
	EndGlobalSection
	GlobalSection(SolutionProperties) = preSolution
		HideSolutionNode = FALSE
	EndGlobalSection
	GlobalSection(ExtensibilityGlobals) = postSolution
		SolutionGuid = {17D0438A-51DF-4918-9761-67D6C1EEB2C8}
	EndGlobalSection
EndGlobal
